
Microsoft Visual Studio Solution File, Format Version 12.00
# Visual Studio Version 16
VisualStudioVersion = 16.0.29209.62
MinimumVisualStudioVersion = 10.0.40219.1
Project("{FAE04EC0-301F-11D3-BF4B-00C04F79EFBC}") = "GenerateGacAssemblyBindingRedirects", "GenerateGacAssemblyBindingRedirects\GenerateGacAssemblyBindingRedirects.csproj", "{3E02FB22-8CC6-4F69-89B6-F84A04DDDCFF}"
EndProject
Project("{2150E333-8FDC-42A3-9474-1A3956D46DE8}") = "Solution Items", "Solution Items", "{FEF74AB6-625E-46A8-83E5-051A831C01ED}"
	ProjectSection(SolutionItems) = preProject
		LICENSE = LICENSE
		Readme.md = Readme.md
	EndProjectSection
EndProject
Global
	GlobalSection(SolutionConfigurationPlatforms) = preSolution
		Debug|Any CPU = Debug|Any CPU
		Release|Any CPU = Release|Any CPU
	EndGlobalSection
	GlobalSection(ProjectConfigurationPlatforms) = postSolution
		{3E02FB22-8CC6-4F69-89B6-F84A04DDDCFF}.Debug|Any CPU.ActiveCfg = Debug|Any CPU
		{3E02FB22-8CC6-4F69-89B6-F84A04DDDCFF}.Debug|Any CPU.Build.0 = Debug|Any CPU
		{3E02FB22-8CC6-4F69-89B6-F84A04DDDCFF}.Release|Any CPU.ActiveCfg = Release|Any CPU
		{3E02FB22-8CC6-4F69-89B6-F84A04DDDCFF}.Release|Any CPU.Build.0 = Release|Any CPU
	EndGlobalSection
	GlobalSection(SolutionProperties) = preSolution
		HideSolutionNode = FALSE
	EndGlobalSection
	GlobalSection(ExtensibilityGlobals) = postSolution
		SolutionGuid = {ACFAAF9A-DC90-4CBB-89B3-563E61F24F6A}
	EndGlobalSection
EndGlobal
